
Microsoft Visual Studio Solution File, Format Version 12.00
# Visual Studio 14
VisualStudioVersion = 14.0.23107.0
MinimumVisualStudioVersion = 10.0.40219.1
Project("{F184B08F-C81C-45F6-A57F-5ABD9991F28F}") = "密码登录", "密码登录\密码登录.vbproj", "{99C59648-FA35-42F1-BCE2-96C73F4919D3}"
EndProject
Global
	GlobalSection(SolutionConfigurationPlatforms) = preSolution
		Debug|Any CPU = Debug|Any CPU
		Release|Any CPU = Release|Any CPU
	EndGlobalSection
	GlobalSection(ProjectConfigurationPlatforms) = postSolution
		{99C59648-FA35-42F1-BCE2-96C73F4919D3}.Debug|Any CPU.ActiveCfg = Debug|Any CPU
		{99C59648-FA35-42F1-BCE2-96C73F4919D3}.Debug|Any CPU.Build.0 = Debug|Any CPU
		{99C59648-FA35-42F1-BCE2-96C73F4919D3}.Release|Any CPU.ActiveCfg = Release|Any CPU
		{99C59648-FA35-42F1-BCE2-96C73F4919D3}.Release|Any CPU.Build.0 = Release|Any CPU
	EndGlobalSection
	GlobalSection(SolutionProperties) = preSolution
		HideSolutionNode = FALSE
	EndGlobalSection
EndGlobal
